
Microsoft Visual Studio Solution File, Format Version 12.00
# Visual Studio Version 16
VisualStudioVersion = 16.0.810.19
MinimumVisualStudioVersion = 10.0.40219.1
Project("{FAE04EC0-301F-11D3-BF4B-00C04F79EFBC}") = "Test", "Test\Test.csproj", "{B1971166-EF22-4F43-B781-DC39441326D2}"
EndProject
Global
	GlobalSection(SolutionConfigurationPlatforms) = preSolution
		Debug|Any CPU = Debug|Any CPU
		Release|Any CPU = Release|Any CPU
	EndGlobalSection
	GlobalSection(ProjectConfigurationPlatforms) = postSolution
		{B1971166-EF22-4F43-B781-DC39441326D2}.Debug|Any CPU.ActiveCfg = Debug|Any CPU
		{B1971166-EF22-4F43-B781-DC39441326D2}.Debug|Any CPU.Build.0 = Debug|Any CPU
		{B1971166-EF22-4F43-B781-DC39441326D2}.Release|Any CPU.ActiveCfg = Release|Any CPU
		{B1971166-EF22-4F43-B781-DC39441326D2}.Release|Any CPU.Build.0 = Release|Any CPU
	EndGlobalSection
	GlobalSection(SolutionProperties) = preSolution
		HideSolutionNode = FALSE
	EndGlobalSection
	GlobalSection(ExtensibilityGlobals) = postSolution
		SolutionGuid = {637C5EA9-786B-46FA-9C0A-686B447918E2}
	EndGlobalSection
EndGlobal
